
Microsoft Visual Studio Solution File, Format Version 12.00
# Visual Studio Version 16
VisualStudioVersion = 16.0.28803.352
MinimumVisualStudioVersion = 10.0.40219.1
Project("{FAE04EC0-301F-11D3-BF4B-00C04F79EFBC}") = "Presentacion", "AssistSeniorIngS\Presentacion.csproj", "{9B335A5A-EDD0-4677-BCA1-4B05CE4169C7}"
EndProject
Project("{2150E333-8FDC-42A3-9474-1A3956D46DE8}") = "1.Presentacion", "1.Presentacion", "{FFB7ED59-5828-4A19-8BFF-F58214FCCC0A}"
EndProject
Project("{2150E333-8FDC-42A3-9474-1A3956D46DE8}") = "3.Persistencia", "3.Persistencia", "{05732325-BE34-4D58-8A07-04A1488AABDC}"
EndProject
Project("{2150E333-8FDC-42A3-9474-1A3956D46DE8}") = "2.Dominio", "2.Dominio", "{CB637298-DE16-4CB3-AB5D-F071E464A978}"
EndProject
Project("{FAE04EC0-301F-11D3-BF4B-00C04F79EFBC}") = "Dominio", "Dominio\Dominio.csproj", "{D5422D63-87A0-4DF6-8918-4FCCE5DCF815}"
EndProject
Project("{FAE04EC0-301F-11D3-BF4B-00C04F79EFBC}") = "Persistencia", "Persistencia\Persistencia.csproj", "{4EF2D619-626E-4B2B-BDE2-5C72BD01D84D}"
EndProject
Project("{2150E333-8FDC-42A3-9474-1A3956D46DE8}") = "4.Pruebas", "4.Pruebas", "{22A3CD85-ADDD-4422-A191-8CD289248E8F}"
EndProject
Project("{FAE04EC0-301F-11D3-BF4B-00C04F79EFBC}") = "CasosPrueba", "CasosPrueba\CasosPrueba.csproj", "{46B4E150-0978-4E6E-AB7A-C4A1AF09AB2F}"
EndProject
Global
	GlobalSection(SolutionConfigurationPlatforms) = preSolution
		Debug|Any CPU = Debug|Any CPU
		Release|Any CPU = Release|Any CPU
	EndGlobalSection
	GlobalSection(ProjectConfigurationPlatforms) = postSolution
		{9B335A5A-EDD0-4677-BCA1-4B05CE4169C7}.Debug|Any CPU.ActiveCfg = Debug|Any CPU
		{9B335A5A-EDD0-4677-BCA1-4B05CE4169C7}.Debug|Any CPU.Build.0 = Debug|Any CPU
		{9B335A5A-EDD0-4677-BCA1-4B05CE4169C7}.Release|Any CPU.ActiveCfg = Release|Any CPU
		{9B335A5A-EDD0-4677-BCA1-4B05CE4169C7}.Release|Any CPU.Build.0 = Release|Any CPU
		{D5422D63-87A0-4DF6-8918-4FCCE5DCF815}.Debug|Any CPU.ActiveCfg = Debug|Any CPU
		{D5422D63-87A0-4DF6-8918-4FCCE5DCF815}.Debug|Any CPU.Build.0 = Debug|Any CPU
		{D5422D63-87A0-4DF6-8918-4FCCE5DCF815}.Release|Any CPU.ActiveCfg = Release|Any CPU
		{D5422D63-87A0-4DF6-8918-4FCCE5DCF815}.Release|Any CPU.Build.0 = Release|Any CPU
		{4EF2D619-626E-4B2B-BDE2-5C72BD01D84D}.Debug|Any CPU.ActiveCfg = Debug|Any CPU
		{4EF2D619-626E-4B2B-BDE2-5C72BD01D84D}.Debug|Any CPU.Build.0 = Debug|Any CPU
		{4EF2D619-626E-4B2B-BDE2-5C72BD01D84D}.Release|Any CPU.ActiveCfg = Release|Any CPU
		{4EF2D619-626E-4B2B-BDE2-5C72BD01D84D}.Release|Any CPU.Build.0 = Release|Any CPU
		{46B4E150-0978-4E6E-AB7A-C4A1AF09AB2F}.Debug|Any CPU.ActiveCfg = Debug|Any CPU
		{46B4E150-0978-4E6E-AB7A-C4A1AF09AB2F}.Debug|Any CPU.Build.0 = Debug|Any CPU
		{46B4E150-0978-4E6E-AB7A-C4A1AF09AB2F}.Release|Any CPU.ActiveCfg = Release|Any CPU
		{46B4E150-0978-4E6E-AB7A-C4A1AF09AB2F}.Release|Any CPU.Build.0 = Release|Any CPU
	EndGlobalSection
	GlobalSection(SolutionProperties) = preSolution
		HideSolutionNode = FALSE
	EndGlobalSection
	GlobalSection(NestedProjects) = preSolution
		{9B335A5A-EDD0-4677-BCA1-4B05CE4169C7} = {FFB7ED59-5828-4A19-8BFF-F58214FCCC0A}
		{D5422D63-87A0-4DF6-8918-4FCCE5DCF815} = {CB637298-DE16-4CB3-AB5D-F071E464A978}
		{4EF2D619-626E-4B2B-BDE2-5C72BD01D84D} = {05732325-BE34-4D58-8A07-04A1488AABDC}
		{46B4E150-0978-4E6E-AB7A-C4A1AF09AB2F} = {22A3CD85-ADDD-4422-A191-8CD289248E8F}
	EndGlobalSection
	GlobalSection(ExtensibilityGlobals) = postSolution
		SolutionGuid = {65174FD2-F89B-4E3F-8F96-B75901C269C6}
	EndGlobalSection
EndGlobal
